// !$*UTF8*$!
{
	archiveVersion = 1;
	classes = {
	};
	objectVersion = 46;
	objects = {

/* Begin PBXBuildFile section */
		9A3532DD1B74C44100C97A65 /* AppDelegate.swift in Sources */ = {isa = PBXBuildFile; fileRef = 9A3532DC1B74C44100C97A65 /* AppDelegate.swift */; };
		9A3532E21B74C44100C97A65 /* Main.storyboard in Resources */ = {isa = PBXBuildFile; fileRef = 9A3532E01B74C44100C97A65 /* Main.storyboard */; };
		9A3532E41B74C44100C97A65 /* Images.xcassets in Resources */ = {isa = PBXBuildFile; fileRef = 9A3532E31B74C44100C97A65 /* Images.xcassets */; };
		9A3532E71B74C44100C97A65 /* LaunchScreen.xib in Resources */ = {isa = PBXBuildFile; fileRef = 9A3532E51B74C44100C97A65 /* LaunchScreen.xib */; };
		9A3532F31B74C44100C97A65 /* RPAnimatedTableTests.swift in Sources */ = {isa = PBXBuildFile; fileRef = 9A3532F21B74C44100C97A65 /* RPAnimatedTableTests.swift */; };
		9A3532FD1B74CA5C00C97A65 /* RPAnimatedTableViewController.swift in Sources */ = {isa = PBXBuildFile; fileRef = 9A3532FC1B74CA5C00C97A65 /* RPAnimatedTableViewController.swift */; };
		9A3533001B74CA7900C97A65 /* RPAnimatedTableViewCell.swift in Sources */ = {isa = PBXBuildFile; fileRef = 9A3532FE1B74CA7900C97A65 /* RPAnimatedTableViewCell.swift */; };
		9A3533011B74CA7900C97A65 /* RPAnimatedTableViewCell.xib in Resources */ = {isa = PBXBuildFile; fileRef = 9A3532FF1B74CA7900C97A65 /* RPAnimatedTableViewCell.xib */; };
		9A3533031B74CABB00C97A65 /* MenuTableViewController.swift in Sources */ = {isa = PBXBuildFile; fileRef = 9A3533021B74CABB00C97A65 /* MenuTableViewController.swift */; };
		9A3533061B74CB5B00C97A65 /* MenuTableViewCell.swift in Sources */ = {isa = PBXBuildFile; fileRef = 9A3533041B74CB5B00C97A65 /* MenuTableViewCell.swift */; };
		9A3533071B74CB5B00C97A65 /* MenuTableViewCell.xib in Resources */ = {isa = PBXBuildFile; fileRef = 9A3533051B74CB5B00C97A65 /* MenuTableViewCell.xib */; };
		9A35330C1B74E0F400C97A65 /* UITableView+RPExtension.swift in Sources */ = {isa = PBXBuildFile; fileRef = 9A35330B1B74E0F400C97A65 /* UITableView+RPExtension.swift */; };
		9A35330F1B74E65100C97A65 /* RPTableAnimation.swift in Sources */ = {isa = PBXBuildFile; fileRef = 9A35330E1B74E65100C97A65 /* RPTableAnimation.swift */; };
		9A3533131B75713D00C97A65 /* RPAnimatedCollectionViewController.swift in Sources */ = {isa = PBXBuildFile; fileRef = 9A3533121B75713D00C97A65 /* RPAnimatedCollectionViewController.swift */; };
		9A3533181B75717300C97A65 /* RPAnimatedCollectionViewCell.swift in Sources */ = {isa = PBXBuildFile; fileRef = 9A3533161B75717300C97A65 /* RPAnimatedCollectionViewCell.swift */; };
		9A3533191B75717300C97A65 /* RPAnimatedCollectionViewCell.xib in Resources */ = {isa = PBXBuildFile; fileRef = 9A3533171B75717300C97A65 /* RPAnimatedCollectionViewCell.xib */; };
		9A35331B1B7571EB00C97A65 /* UICollectionView+RPExtension.swift in Sources */ = {isa = PBXBuildFile; fileRef = 9A35331A1B7571EB00C97A65 /* UICollectionView+RPExtension.swift */; };
		9A35331E1B75792400C97A65 /* RPCollectionAnimation.swift in Sources */ = {isa = PBXBuildFile; fileRef = 9A35331D1B75792400C97A65 /* RPCollectionAnimation.swift */; };
/* End PBXBuildFile section */

/* Begin PBXContainerItemProxy section */
		9A3532ED1B74C44100C97A65 /* PBXContainerItemProxy */ = {
			isa = PBXContainerItemProxy;
			containerPortal = 9A3532CF1B74C44100C97A65 /* Project object */;
			proxyType = 1;
			remoteGlobalIDString = 9A3532D61B74C44100C97A65;
			remoteInfo = RPAnimatedTable;
		};
/* End PBXContainerItemProxy section */

/* Begin PBXFileReference section */
		9A3532D71B74C44100C97A65 /* RPAnimatedTable.app */ = {isa = PBXFileReference; explicitFileType = wrapper.application; includeInIndex = 0; path = RPAnimatedTable.app; sourceTree = BUILT_PRODUCTS_DIR; };
		9A3532DB1B74C44100C97A65 /* Info.plist */ = {isa = PBXFileReference; lastKnownFileType = text.plist.xml; path = Info.plist; sourceTree = "<group>"; };
		9A3532DC1B74C44100C97A65 /* AppDelegate.swift */ = {isa = PBXFileReference; lastKnownFileType = sourcecode.swift; path = AppDelegate.swift; sourceTree = "<group>"; };
		9A3532E11B74C44100C97A65 /* Base */ = {isa = PBXFileReference; lastKnownFileType = file.storyboard; name = Base; path = Base.lproj/Main.storyboard; sourceTree = "<group>"; };
		9A3532E31B74C44100C97A65 /* Images.xcassets */ = {isa = PBXFileReference; lastKnownFileType = folder.assetcatalog; path = Images.xcassets; sourceTree = "<group>"; };
		9A3532E61B74C44100C97A65 /* Base */ = {isa = PBXFileReference; lastKnownFileType = file.xib; name = Base; path = Base.lproj/LaunchScreen.xib; sourceTree = "<group>"; };
		9A3532EC1B74C44100C97A65 /* RPAnimatedTableTests.xctest */ = {isa = PBXFileReference; explicitFileType = wrapper.cfbundle; includeInIndex = 0; path = RPAnimatedTableTests.xctest; sourceTree = BUILT_PRODUCTS_DIR; };
		9A3532F11B74C44100C97A65 /* Info.plist */ = {isa = PBXFileReference; lastKnownFileType = text.plist.xml; path = Info.plist; sourceTree = "<group>"; };
		9A3532F21B74C44100C97A65 /* RPAnimatedTableTests.swift */ = {isa = PBXFileReference; lastKnownFileType = sourcecode.swift; path = RPAnimatedTableTests.swift; sourceTree = "<group>"; };
		9A3532FC1B74CA5C00C97A65 /* RPAnimatedTableViewController.swift */ = {isa = PBXFileReference; fileEncoding = 4; lastKnownFileType = sourcecode.swift; path = RPAnimatedTableViewController.swift; sourceTree = "<group>"; };
		9A3532FE1B74CA7900C97A65 /* RPAnimatedTableViewCell.swift */ = {isa = PBXFileReference; fileEncoding = 4; lastKnownFileType = sourcecode.swift; path = RPAnimatedTableViewCell.swift; sourceTree = "<group>"; };
		9A3532FF1B74CA7900C97A65 /* RPAnimatedTableViewCell.xib */ = {isa = PBXFileReference; fileEncoding = 4; lastKnownFileType = file.xib; path = RPAnimatedTableViewCell.xib; sourceTree = "<group>"; };
		9A3533021B74CABB00C97A65 /* MenuTableViewController.swift */ = {isa = PBXFileReference; fileEncoding = 4; lastKnownFileType = sourcecode.swift; path = MenuTableViewController.swift; sourceTree = "<group>"; };
		9A3533041B74CB5B00C97A65 /* MenuTableViewCell.swift */ = {isa = PBXFileReference; fileEncoding = 4; lastKnownFileType = sourcecode.swift; path = MenuTableViewCell.swift; sourceTree = "<group>"; };
		9A3533051B74CB5B00C97A65 /* MenuTableViewCell.xib */ = {isa = PBXFileReference; fileEncoding = 4; lastKnownFileType = file.xib; path = MenuTableViewCell.xib; sourceTree = "<group>"; };
		9A35330B1B74E0F400C97A65 /* UITableView+RPExtension.swift */ = {isa = PBXFileReference; fileEncoding = 4; lastKnownFileType = sourcecode.swift; path = "UITableView+RPExtension.swift"; sourceTree = "<group>"; };
		9A35330E1B74E65100C97A65 /* RPTableAnimation.swift */ = {isa = PBXFileReference; fileEncoding = 4; lastKnownFileType = sourcecode.swift; path = RPTableAnimation.swift; sourceTree = "<group>"; };
		9A3533121B75713D00C97A65 /* RPAnimatedCollectionViewController.swift */ = {isa = PBXFileReference; fileEncoding = 4; lastKnownFileType = sourcecode.swift; path = RPAnimatedCollectionViewController.swift; sourceTree = "<group>"; };
		9A3533161B75717300C97A65 /* RPAnimatedCollectionViewCell.swift */ = {isa = PBXFileReference; fileEncoding = 4; lastKnownFileType = sourcecode.swift; path = RPAnimatedCollectionViewCell.swift; sourceTree = "<group>"; };
		9A3533171B75717300C97A65 /* RPAnimatedCollectionViewCell.xib */ = {isa = PBXFileReference; fileEncoding = 4; lastKnownFileType = file.xib; path = RPAnimatedCollectionViewCell.xib; sourceTree = "<group>"; };
		9A35331A1B7571EB00C97A65 /* UICollectionView+RPExtension.swift */ = {isa = PBXFileReference; fileEncoding = 4; lastKnownFileType = sourcecode.swift; path = "UICollectionView+RPExtension.swift"; sourceTree = "<group>"; };
		9A35331D1B75792400C97A65 /* RPCollectionAnimation.swift */ = {isa = PBXFileReference; fileEncoding = 4; lastKnownFileType = sourcecode.swift; path = RPCollectionAnimation.swift; sourceTree = "<group>"; };
/* End PBXFileReference section */

/* Begin PBXFrameworksBuildPhase section */
		9A3532D41B74C44100C97A65 /* Frameworks */ = {
			isa = PBXFrameworksBuildPhase;
			buildActionMask = 2147483647;
			files = (
			);
			runOnlyForDeploymentPostprocessing = 0;
		};
		9A3532E91B74C44100C97A65 /* Frameworks */ = {
			isa = PBXFrameworksBuildPhase;
			buildActionMask = 2147483647;
			files = (
			);
			runOnlyForDeploymentPostprocessing = 0;
		};
/* End PBXFrameworksBuildPhase section */

/* Begin PBXGroup section */
		9A3532CE1B74C44100C97A65 = {
			isa = PBXGroup;
			children = (
				9A3532D91B74C44100C97A65 /* RPAnimatedTable */,
				9A3532EF1B74C44100C97A65 /* RPAnimatedTableTests */,
				9A3532D81B74C44100C97A65 /* Products */,
			);
			sourceTree = "<group>";
		};
		9A3532D81B74C44100C97A65 /* Products */ = {
			isa = PBXGroup;
			children = (
				9A3532D71B74C44100C97A65 /* RPAnimatedTable.app */,
				9A3532EC1B74C44100C97A65 /* RPAnimatedTableTests.xctest */,
			);
			name = Products;
			sourceTree = "<group>";
		};
		9A3532D91B74C44100C97A65 /* RPAnimatedTable */ = {
			isa = PBXGroup;
			children = (
				9A3532DC1B74C44100C97A65 /* AppDelegate.swift */,
				9A35330D1B74E63E00C97A65 /* RPAnimation */,
				9A3533091B74CB8100C97A65 /* Controller */,
				9A3533081B74CB7B00C97A65 /* View */,
				9A3532E01B74C44100C97A65 /* Main.storyboard */,
				9A3532E31B74C44100C97A65 /* Images.xcassets */,
				9A3532E51B74C44100C97A65 /* LaunchScreen.xib */,
				9A35330A1B74E0D700C97A65 /* Extension */,
				9A3532DA1B74C44100C97A65 /* Supporting Files */,
			);
			path = RPAnimatedTable;
			sourceTree = "<group>";
		};
		9A3532DA1B74C44100C97A65 /* Supporting Files */ = {
			isa = PBXGroup;
			children = (
				9A3532DB1B74C44100C97A65 /* Info.plist */,
			);
			name = "Supporting Files";
			sourceTree = "<group>";
		};
		9A3532EF1B74C44100C97A65 /* RPAnimatedTableTests */ = {
			isa = PBXGroup;
			children = (
				9A3532F21B74C44100C97A65 /* RPAnimatedTableTests.swift */,
				9A3532F01B74C44100C97A65 /* Supporting Files */,
			);
			path = RPAnimatedTableTests;
			sourceTree = "<group>";
		};
		9A3532F01B74C44100C97A65 /* Supporting Files */ = {
			isa = PBXGroup;
			children = (
				9A3532F11B74C44100C97A65 /* Info.plist */,
			);
			name = "Supporting Files";
			sourceTree = "<group>";
		};
		9A3533081B74CB7B00C97A65 /* View */ = {
			isa = PBXGroup;
			children = (
				9A3533151B75715400C97A65 /* Collection */,
				9A3533141B75714900C97A65 /* Table */,
			);
			name = View;
			sourceTree = "<group>";
		};
		9A3533091B74CB8100C97A65 /* Controller */ = {
			isa = PBXGroup;
			children = (
				9A35331C1B7578F800C97A65 /* Menu */,
				9A3533111B7570F600C97A65 /* Collection */,
				9A3533101B7570E200C97A65 /* Table */,
			);
			name = Controller;
			sourceTree = "<group>";
		};
		9A35330A1B74E0D700C97A65 /* Extension */ = {
			isa = PBXGroup;
			children = (
				9A35330B1B74E0F400C97A65 /* UITableView+RPExtension.swift */,
				9A35331A1B7571EB00C97A65 /* UICollectionView+RPExtension.swift */,
			);
			name = Extension;
			sourceTree = "<group>";
		};
		9A35330D1B74E63E00C97A65 /* RPAnimation */ = {
			isa = PBXGroup;
			children = (
				9A35330E1B74E65100C97A65 /* RPTableAnimation.swift */,
				9A35331D1B75792400C97A65 /* RPCollectionAnimation.swift */,
			);
			name = RPAnimation;
			sourceTree = "<group>";
		};
		9A3533101B7570E200C97A65 /* Table */ = {
			isa = PBXGroup;
			children = (
				9A3532FC1B74CA5C00C97A65 /* RPAnimatedTableViewController.swift */,
			);
			name = Table;
			sourceTree = "<group>";
		};
		9A3533111B7570F600C97A65 /* Collection */ = {
			isa = PBXGroup;
			children = (
				9A3533121B75713D00C97A65 /* RPAnimatedCollectionViewController.swift */,
			);
			name = Collection;
			sourceTree = "<group>";
		};
		9A3533141B75714900C97A65 /* Table */ = {
			isa = PBXGroup;
			children = (
				9A3533041B74CB5B00C97A65 /* MenuTableViewCell.swift */,
				9A3533051B74CB5B00C97A65 /* MenuTableViewCell.xib */,
				9A3532FE1B74CA7900C97A65 /* RPAnimatedTableViewCell.swift */,
				9A3532FF1B74CA7900C97A65 /* RPAnimatedTableViewCell.xib */,
			);
			name = Table;
			sourceTree = "<group>";
		};
		9A3533151B75715400C97A65 /* Collection */ = {
			isa = PBXGroup;
			children = (
				9A3533161B75717300C97A65 /* RPAnimatedCollectionViewCell.swift */,
				9A3533171B75717300C97A65 /* RPAnimatedCollectionViewCell.xib */,
			);
			name = Collection;
			sourceTree = "<group>";
		};
		9A35331C1B7578F800C97A65 /* Menu */ = {
			isa = PBXGroup;
			children = (
				9A3533021B74CABB00C97A65 /* MenuTableViewController.swift */,
			);
			name = Menu;
			sourceTree = "<group>";
		};
/* End PBXGroup section */

/* Begin PBXNativeTarget section */
		9A3532D61B74C44100C97A65 /* RPAnimatedTable */ = {
			isa = PBXNativeTarget;
			buildConfigurationList = 9A3532F61B74C44100C97A65 /* Build configuration list for PBXNativeTarget "RPAnimatedTable" */;
			buildPhases = (
				9A3532D31B74C44100C97A65 /* Sources */,
				9A3532D41B74C44100C97A65 /* Frameworks */,
				9A3532D51B74C44100C97A65 /* Resources */,
			);
			buildRules = (
			);
			dependencies = (
			);
			name = RPAnimatedTable;
			productName = RPAnimatedTable;
			productReference = 9A3532D71B74C44100C97A65 /* RPAnimatedTable.app */;
			productType = "com.apple.product-type.application";
		};
		9A3532EB1B74C44100C97A65 /* RPAnimatedTableTests */ = {
			isa = PBXNativeTarget;
			buildConfigurationList = 9A3532F91B74C44100C97A65 /* Build configuration list for PBXNativeTarget "RPAnimatedTableTests" */;
			buildPhases = (
				9A3532E81B74C44100C97A65 /* Sources */,
				9A3532E91B74C44100C97A65 /* Frameworks */,
				9A3532EA1B74C44100C97A65 /* Resources */,
			);
			buildRules = (
			);
			dependencies = (
				9A3532EE1B74C44100C97A65 /* PBXTargetDependency */,
			);
			name = RPAnimatedTableTests;
			productName = RPAnimatedTableTests;
			productReference = 9A3532EC1B74C44100C97A65 /* RPAnimatedTableTests.xctest */;
			productType = "com.apple.product-type.bundle.unit-test";
		};
/* End PBXNativeTarget section */

/* Begin PBXProject section */
		9A3532CF1B74C44100C97A65 /* Project object */ = {
			isa = PBXProject;
			attributes = {
				LastUpgradeCheck = 0640;
				ORGANIZATIONNAME = naoyashiga;
				TargetAttributes = {
					9A3532D61B74C44100C97A65 = {
						CreatedOnToolsVersion = 6.4;
					};
					9A3532EB1B74C44100C97A65 = {
						CreatedOnToolsVersion = 6.4;
						TestTargetID = 9A3532D61B74C44100C97A65;
					};
				};
			};
			buildConfigurationList = 9A3532D21B74C44100C97A65 /* Build configuration list for PBXProject "RPAnimatedTable" */;
			compatibilityVersion = "Xcode 3.2";
			developmentRegion = English;
			hasScannedForEncodings = 0;
			knownRegions = (
				en,
				Base,
			);
			mainGroup = 9A3532CE1B74C44100C97A65;
			productRefGroup = 9A3532D81B74C44100C97A65 /* Products */;
			projectDirPath = "";
			projectRoot = "";
			targets = (
				9A3532D61B74C44100C97A65 /* RPAnimatedTable */,
				9A3532EB1B74C44100C97A65 /* RPAnimatedTableTests */,
			);
		};
/* End PBXProject section */

/* Begin PBXResourcesBuildPhase section */
		9A3532D51B74C44100C97A65 /* Resources */ = {
			isa = PBXResourcesBuildPhase;
			buildActionMask = 2147483647;
			files = (
				9A3533011B74CA7900C97A65 /* RPAnimatedTableViewCell.xib in Resources */,
				9A3532E21B74C44100C97A65 /* Main.storyboard in Resources */,
				9A3533191B75717300C97A65 /* RPAnimatedCollectionViewCell.xib in Resources */,
				9A3532E71B74C44100C97A65 /* LaunchScreen.xib in Resources */,
				9A3533071B74CB5B00C97A65 /* MenuTableViewCell.xib in Resources */,
				9A3532E41B74C44100C97A65 /* Images.xcassets in Resources */,
			);
			runOnlyForDeploymentPostprocessing = 0;
		};
		9A3532EA1B74C44100C97A65 /* Resources */ = {
			isa = PBXResourcesBuildPhase;
			buildActionMask = 2147483647;
			files = (
			);
			runOnlyForDeploymentPostprocessing = 0;
		};
/* End PBXResourcesBuildPhase section */

/* Begin PBXSourcesBuildPhase section */
		9A3532D31B74C44100C97A65 /* Sources */ = {
			isa = PBXSourcesBuildPhase;
			buildActionMask = 2147483647;
			files = (
				9A3533001B74CA7900C97A65 /* RPAnimatedTableViewCell.swift in Sources */,
				9A35330C1B74E0F400C97A65 /* UITableView+RPExtension.swift in Sources */,
				9A3532FD1B74CA5C00C97A65 /* RPAnimatedTableViewController.swift in Sources */,
				9A3533131B75713D00C97A65 /* RPAnimatedCollectionViewController.swift in Sources */,
				9A35331B1B7571EB00C97A65 /* UICollectionView+RPExtension.swift in Sources */,
				9A35330F1B74E65100C97A65 /* RPTableAnimation.swift in Sources */,
				9A35331E1B75792400C97A65 /* RPCollectionAnimation.swift in Sources */,
				9A3533181B75717300C97A65 /* RPAnimatedCollectionViewCell.swift in Sources */,
				9A3533061B74CB5B00C97A65 /* MenuTableViewCell.swift in Sources */,
				9A3533031B74CABB00C97A65 /* MenuTableViewController.swift in Sources */,
				9A3532DD1B74C44100C97A65 /* AppDelegate.swift in Sources */,
			);
			runOnlyForDeploymentPostprocessing = 0;
		};
		9A3532E81B74C44100C97A65 /* Sources */ = {
			isa = PBXSourcesBuildPhase;
			buildActionMask = 2147483647;
			files = (
				9A3532F31B74C44100C97A65 /* RPAnimatedTableTests.swift in Sources */,
			);
			runOnlyForDeploymentPostprocessing = 0;
		};
/* End PBXSourcesBuildPhase section */

/* Begin PBXTargetDependency section */
		9A3532EE1B74C44100C97A65 /* PBXTargetDependency */ = {
			isa = PBXTargetDependency;
			target = 9A3532D61B74C44100C97A65 /* RPAnimatedTable */;
			targetProxy = 9A3532ED1B74C44100C97A65 /* PBXContainerItemProxy */;
		};
/* End PBXTargetDependency section */

/* Begin PBXVariantGroup section */
		9A3532E01B74C44100C97A65 /* Main.storyboard */ = {
			isa = PBXVariantGroup;
			children = (
				9A3532E11B74C44100C97A65 /* Base */,
			);
			name = Main.storyboard;
			sourceTree = "<group>";
		};
		9A3532E51B74C44100C97A65 /* LaunchScreen.xib */ = {
			isa = PBXVariantGroup;
			children = (
				9A3532E61B74C44100C97A65 /* Base */,
			);
			name = LaunchScreen.xib;
			sourceTree = "<group>";
		};
/* End PBXVariantGroup section */

/* Begin XCBuildConfiguration section */
		9A3532F41B74C44100C97A65 /* Debug */ = {
			isa = XCBuildConfiguration;
			buildSettings = {
				ALWAYS_SEARCH_USER_PATHS = NO;
				CLANG_CXX_LANGUAGE_STANDARD = "gnu++0x";
				CLANG_CXX_LIBRARY = "libc++";
				CLANG_ENABLE_MODULES = YES;
				CLANG_ENABLE_OBJC_ARC = YES;
				CLANG_WARN_BOOL_CONVERSION = YES;
				CLANG_WARN_CONSTANT_CONVERSION = YES;
				CLANG_WARN_DIRECT_OBJC_ISA_USAGE = YES_ERROR;
				CLANG_WARN_EMPTY_BODY = YES;
				CLANG_WARN_ENUM_CONVERSION = YES;
				CLANG_WARN_INT_CONVERSION = YES;
				CLANG_WARN_OBJC_ROOT_CLASS = YES_ERROR;
				CLANG_WARN_UNREACHABLE_CODE = YES;
				CLANG_WARN__DUPLICATE_METHOD_MATCH = YES;
				"CODE_SIGN_IDENTITY[sdk=iphoneos*]" = "iPhone Developer";
				COPY_PHASE_STRIP = NO;
				DEBUG_INFORMATION_FORMAT = "dwarf-with-dsym";
				ENABLE_STRICT_OBJC_MSGSEND = YES;
				GCC_C_LANGUAGE_STANDARD = gnu99;
				GCC_DYNAMIC_NO_PIC = NO;
				GCC_NO_COMMON_BLOCKS = YES;
				GCC_OPTIMIZATION_LEVEL = 0;
				GCC_PREPROCESSOR_DEFINITIONS = (
					"DEBUG=1",
					"$(inherited)",
				);
				GCC_SYMBOLS_PRIVATE_EXTERN = NO;
				GCC_WARN_64_TO_32_BIT_CONVERSION = YES;
				GCC_WARN_ABOUT_RETURN_TYPE = YES_ERROR;
				GCC_WARN_UNDECLARED_SELECTOR = YES;
				GCC_WARN_UNINITIALIZED_AUTOS = YES_AGGRESSIVE;
				GCC_WARN_UNUSED_FUNCTION = YES;
				GCC_WARN_UNUSED_VARIABLE = YES;
				IPHONEOS_DEPLOYMENT_TARGET = 8.4;
				MTL_ENABLE_DEBUG_INFO = YES;
				ONLY_ACTIVE_ARCH = YES;
				SDKROOT = iphoneos;
				SWIFT_OPTIMIZATION_LEVEL = "-Onone";
			};
			name = Debug;
		};
		9A3532F51B74C44100C97A65 /* Release */ = {
			isa = XCBuildConfiguration;
			buildSettings = {
				ALWAYS_SEARCH_USER_PATHS = NO;
				CLANG_CXX_LANGUAGE_STANDARD = "gnu++0x";
				CLANG_CXX_LIBRARY = "libc++";
				CLANG_ENABLE_MODULES = YES;
				CLANG_ENABLE_OBJC_ARC = YES;
				CLANG_WARN_BOOL_CONVERSION = YES;
				CLANG_WARN_CONSTANT_CONVERSION = YES;
				CLANG_WARN_DIRECT_OBJC_ISA_USAGE = YES_ERROR;
				CLANG_WARN_EMPTY_BODY = YES;
				CLANG_WARN_ENUM_CONVERSION = YES;
				CLANG_WARN_INT_CONVERSION = YES;
				CLANG_WARN_OBJC_ROOT_CLASS = YES_ERROR;
				CLANG_WARN_UNREACHABLE_CODE = YES;
				CLANG_WARN__DUPLICATE_METHOD_MATCH = YES;
				"CODE_SIGN_IDENTITY[sdk=iphoneos*]" = "iPhone Developer";
				COPY_PHASE_STRIP = NO;
				DEBUG_INFORMATION_FORMAT = "dwarf-with-dsym";
				ENABLE_NS_ASSERTIONS = NO;
				ENABLE_STRICT_OBJC_MSGSEND = YES;
				GCC_C_LANGUAGE_STANDARD = gnu99;
				GCC_NO_COMMON_BLOCKS = YES;
				GCC_WARN_64_TO_32_BIT_CONVERSION = YES;
				GCC_WARN_ABOUT_RETURN_TYPE = YES_ERROR;
				GCC_WARN_UNDECLARED_SELECTOR = YES;
				GCC_WARN_UNINITIALIZED_AUTOS = YES_AGGRESSIVE;
				GCC_WARN_UNUSED_FUNCTION = YES;
				GCC_WARN_UNUSED_VARIABLE = YES;
				IPHONEOS_DEPLOYMENT_TARGET = 8.4;
				MTL_ENABLE_DEBUG_INFO = NO;
				SDKROOT = iphoneos;
				VALIDATE_PRODUCT = YES;
			};
			name = Release;
		};
		9A3532F71B74C44100C97A65 /* Debug */ = {
			isa = XCBuildConfiguration;
			buildSettings = {
				ASSETCATALOG_COMPILER_APPICON_NAME = AppIcon;
				INFOPLIST_FILE = RPAnimatedTable/Info.plist;
				LD_RUNPATH_SEARCH_PATHS = "$(inherited) @executable_path/Frameworks";
				PRODUCT_NAME = "$(TARGET_NAME)";
			};
			name = Debug;
		};
		9A3532F81B74C44100C97A65 /* Release */ = {
			isa = XCBuildConfiguration;
			buildSettings = {
				ASSETCATALOG_COMPILER_APPICON_NAME = AppIcon;
				INFOPLIST_FILE = RPAnimatedTable/Info.plist;
				LD_RUNPATH_SEARCH_PATHS = "$(inherited) @executable_path/Frameworks";
				PRODUCT_NAME = "$(TARGET_NAME)";
			};
			name = Release;
		};
		9A3532FA1B74C44100C97A65 /* Debug */ = {
			isa = XCBuildConfiguration;
			buildSettings = {
				BUNDLE_LOADER = "$(TEST_HOST)";
				FRAMEWORK_SEARCH_PATHS = (
					"$(SDKROOT)/Developer/Library/Frameworks",
					"$(inherited)",
				);
				GCC_PREPROCESSOR_DEFINITIONS = (
					"DEBUG=1",
					"$(inherited)",
				);
				INFOPLIST_FILE = RPAnimatedTableTests/Info.plist;
				LD_RUNPATH_SEARCH_PATHS = "$(inherited) @executable_path/Frameworks @loader_path/Frameworks";
				PRODUCT_NAME = "$(TARGET_NAME)";
				TEST_HOST = "$(BUILT_PRODUCTS_DIR)/RPAnimatedTable.app/RPAnimatedTable";
			};
			name = Debug;
		};
		9A3532FB1B74C44100C97A65 /* Release */ = {
			isa = XCBuildConfiguration;
			buildSettings = {
				BUNDLE_LOADER = "$(TEST_HOST)";
				FRAMEWORK_SEARCH_PATHS = (
					"$(SDKROOT)/Developer/Library/Frameworks",
					"$(inherited)",
				);
				INFOPLIST_FILE = RPAnimatedTableTests/Info.plist;
				LD_RUNPATH_SEARCH_PATHS = "$(inherited) @executable_path/Frameworks @loader_path/Frameworks";
				PRODUCT_NAME = "$(TARGET_NAME)";
				TEST_HOST = "$(BUILT_PRODUCTS_DIR)/RPAnimatedTable.app/RPAnimatedTable";
			};
			name = Release;
		};
/* End XCBuildConfiguration section */

/* Begin XCConfigurationList section */
		9A3532D21B74C44100C97A65 /* Build configuration list for PBXProject "RPAnimatedTable" */ = {
			isa = XCConfigurationList;
			buildConfigurations = (
				9A3532F41B74C44100C97A65 /* Debug */,
				9A3532F51B74C44100C97A65 /* Release */,
			);
			defaultConfigurationIsVisible = 0;
			defaultConfigurationName = Release;
		};
		9A3532F61B74C44100C97A65 /* Build configuration list for PBXNativeTarget "RPAnimatedTable" */ = {
			isa = XCConfigurationList;
			buildConfigurations = (
				9A3532F71B74C44100C97A65 /* Debug */,
				9A3532F81B74C44100C97A65 /* Release */,
			);
			defaultConfigurationIsVisible = 0;
		};
		9A3532F91B74C44100C97A65 /* Build configuration list for PBXNativeTarget "RPAnimatedTableTests" */ = {
			isa = XCConfigurationList;
			buildConfigurations = (
				9A3532FA1B74C44100C97A65 /* Debug */,
				9A3532FB1B74C44100C97A65 /* Release */,
			);
			defaultConfigurationIsVisible = 0;
		};
/* End XCConfigurationList section */
	};
	rootObject = 9A3532CF1B74C44100C97A65 /* Project object */;
}
